PODS:
  - CameraManager (4.2.1)
  - Cartography (3.0.2)
  - Hero (1.2.0)

DEPENDENCIES:
  - CameraManager (~> 4.2)
  - Cartography
  - Hero

SPEC REPOS:
  https://github.com/CocoaPods/Specs.git:
    - CameraManager
    - Cartography
    - Hero

SPEC CHECKSUMS:
  CameraManager: 4749629345b651d11c8bc60cc0d5fbea2c61b1ef
  Cartography: 231190d7d0b3107ce8d67c54189f059a509b3760
  Hero: 33dadf2cd1c98af71e213dcbc2902e6e03622a4e

PODFILE CHECKSUM: a1ce99f1f793bc480f5ce9d743f72aa1d7d666b8

COCOAPODS: 1.5.0
